
Microsoft Visual Studio Solution File, Format Version 12.00
# Visual Studio 15
VisualStudioVersion = 15.0.28307.779
MinimumVisualStudioVersion = 10.0.40219.1
Project("{FAE04EC0-301F-11D3-BF4B-00C04F79EFBC}") = "Catalog.Wpf", "Catalog.Wpf\Catalog.Wpf.csproj", "{2A5DE975-1C26-49DD-9847-F929E57F01A4}"
EndProject
Project("{FAE04EC0-301F-11D3-BF4B-00C04F79EFBC}") = "Catalog", "Catalog\Catalog.csproj", "{58BF8550-C25F-4A56-AB47-C4C67254A62E}"
EndProject
Global
	GlobalSection(SolutionConfigurationPlatforms) = preSolution
		Debug|Any CPU = Debug|Any CPU
		Release|Any CPU = Release|Any CPU
	EndGlobalSection
	GlobalSection(ProjectConfigurationPlatforms) = postSolution
		{2A5DE975-1C26-49DD-9847-F929E57F01A4}.Debug|Any CPU.ActiveCfg = Debug|Any CPU
		{2A5DE975-1C26-49DD-9847-F929E57F01A4}.Debug|Any CPU.Build.0 = Debug|Any CPU
		{2A5DE975-1C26-49DD-9847-F929E57F01A4}.Release|Any CPU.ActiveCfg = Release|Any CPU
		{2A5DE975-1C26-49DD-9847-F929E57F01A4}.Release|Any CPU.Build.0 = Release|Any CPU
		{58BF8550-C25F-4A56-AB47-C4C67254A62E}.Debug|Any CPU.ActiveCfg = Debug|Any CPU
		{58BF8550-C25F-4A56-AB47-C4C67254A62E}.Debug|Any CPU.Build.0 = Debug|Any CPU
		{58BF8550-C25F-4A56-AB47-C4C67254A62E}.Release|Any CPU.ActiveCfg = Release|Any CPU
		{58BF8550-C25F-4A56-AB47-C4C67254A62E}.Release|Any CPU.Build.0 = Release|Any CPU
	EndGlobalSection
	GlobalSection(SolutionProperties) = preSolution
		HideSolutionNode = FALSE
	EndGlobalSection
	GlobalSection(ExtensibilityGlobals) = postSolution
		SolutionGuid = {2667B18C-968C-4404-A9F6-926CA44F4EA0}
	EndGlobalSection
EndGlobal
